
Microsoft Visual Studio Solution File, Format Version 12.00
# Visual Studio Version 16
VisualStudioVersion = 16.0.28803.352
MinimumVisualStudioVersion = 10.0.40219.1
Project("{9A19103F-16F7-4668-BE54-9A1E7A4F7556}") = "TwoFer", "TwoFer.csproj", "{7C9BF9D6-2D9F-474C-B655-B46DFDB0260F}"
EndProject
Global
	GlobalSection(SolutionConfigurationPlatforms) = preSolution
		Debug|Any CPU = Debug|Any CPU
		Release|Any CPU = Release|Any CPU
	EndGlobalSection
	GlobalSection(ProjectConfigurationPlatforms) = postSolution
		{7C9BF9D6-2D9F-474C-B655-B46DFDB0260F}.Debug|Any CPU.ActiveCfg = Debug|Any CPU
		{7C9BF9D6-2D9F-474C-B655-B46DFDB0260F}.Debug|Any CPU.Build.0 = Debug|Any CPU
		{7C9BF9D6-2D9F-474C-B655-B46DFDB0260F}.Release|Any CPU.ActiveCfg = Release|Any CPU
		{7C9BF9D6-2D9F-474C-B655-B46DFDB0260F}.Release|Any CPU.Build.0 = Release|Any CPU
	EndGlobalSection
	GlobalSection(SolutionProperties) = preSolution
		HideSolutionNode = FALSE
	EndGlobalSection
	GlobalSection(ExtensibilityGlobals) = postSolution
		SolutionGuid = {B6ABEA3F-659A-4C9E-98A1-3A1221E159B5}
	EndGlobalSection
EndGlobal
